github.com/ably/ably-go v1.2.17 h1:MjXfj6aFHkfts2mwROOa+JanixKfbHbNDmPSAv70isM=
github.com/ably/ably-go v1.2.17/go.mod h1:wUxedacwNo9SU1L60VnjXDZeSP/dkyMHk2toig00XD0=
github.com/dapr/go-sdk v1.10.1 h1:g6mM2RXyGkrzsqWFfCy8rw+UAt1edQEgRaQXT+XP4PE=
github.com/dapr/go-sdk v1.10.1/go.mod h1:lPjyF/xubh35fbdNdKkxBbFxFNCmta4zmvsk0JxuUG0=
